
Microsoft Visual Studio Solution File, Format Version 12.00
# Visual Studio Version 17
VisualStudioVersion = 17.0.31903.59
MinimumVisualStudioVersion = 10.0.40219.1
Project("{2150E333-8FDC-42A3-9474-1A3956D46DE8}") = "build", "build", "{ED55DAA4-C812-4E4A-8EE7-7F6DD2ED908F}"
	ProjectSection(SolutionItems) = preProject
		.editorconfig = .editorconfig
		.gitignore = .gitignore
		Directory.Packages.props = Directory.Packages.props
		global.json = global.json
		LICENSE = LICENSE
		LICENSE_HEADER = LICENSE_HEADER
		nuget.config = nuget.config
		README.md = README.md
	EndProjectSection
EndProject
Project("{2150E333-8FDC-42A3-9474-1A3956D46DE8}") = "assembly", "assembly", "{C4AEF318-DBAA-4822-87D2-5AF780CC8FD8}"
	ProjectSection(SolutionItems) = preProject
		build\assembly\Common.proj = build\assembly\Common.proj
		build\assembly\Properties.proj = build\assembly\Properties.proj
	EndProjectSection
EndProject
Project("{2150E333-8FDC-42A3-9474-1A3956D46DE8}") = "github-workflow", "github-workflow", "{ACDCEA8F-378F-4A05-B650-E2D82C191EA6}"
	ProjectSection(SolutionItems) = preProject
		.github\workflows\dotnet-test.yml = .github\workflows\dotnet-test.yml
	EndProjectSection
EndProject
Project("{2150E333-8FDC-42A3-9474-1A3956D46DE8}") = "src", "src", "{201649C4-984A-4967-BBA0-A49E32B42DD7}"
EndProject
Project("{2150E333-8FDC-42A3-9474-1A3956D46DE8}") = "tests", "tests", "{5F0C9A72-AB97-4178-B02C-2EE963AFBEED}"
EndProject
Project("{9A19103F-16F7-4668-BE54-9A1E7A4F7556}") = "Sabl.Expect", "src\Sabl.Expect\Sabl.Expect.csproj", "{1D569029-B07F-4E5A-BACF-B1FA85B28B03}"
EndProject
Project("{9A19103F-16F7-4668-BE54-9A1E7A4F7556}") = "Sabl.Expect.Specs", "tests\Sabl.Expect.Specs\Sabl.Expect.Specs.csproj", "{DB36B33B-8FD9-4A17-9390-3113E0757083}"
EndProject
Global
	GlobalSection(SolutionConfigurationPlatforms) = preSolution
		Debug|Any CPU = Debug|Any CPU
		Release|Any CPU = Release|Any CPU
	EndGlobalSection
	GlobalSection(ProjectConfigurationPlatforms) = postSolution
		{1D569029-B07F-4E5A-BACF-B1FA85B28B03}.Debug|Any CPU.ActiveCfg = Debug|Any CPU
		{1D569029-B07F-4E5A-BACF-B1FA85B28B03}.Debug|Any CPU.Build.0 = Debug|Any CPU
		{1D569029-B07F-4E5A-BACF-B1FA85B28B03}.Release|Any CPU.ActiveCfg = Release|Any CPU
		{1D569029-B07F-4E5A-BACF-B1FA85B28B03}.Release|Any CPU.Build.0 = Release|Any CPU
		{DB36B33B-8FD9-4A17-9390-3113E0757083}.Debug|Any CPU.ActiveCfg = Debug|Any CPU
		{DB36B33B-8FD9-4A17-9390-3113E0757083}.Debug|Any CPU.Build.0 = Debug|Any CPU
		{DB36B33B-8FD9-4A17-9390-3113E0757083}.Release|Any CPU.ActiveCfg = Release|Any CPU
		{DB36B33B-8FD9-4A17-9390-3113E0757083}.Release|Any CPU.Build.0 = Release|Any CPU
	EndGlobalSection
	GlobalSection(SolutionProperties) = preSolution
		HideSolutionNode = FALSE
	EndGlobalSection
	GlobalSection(NestedProjects) = preSolution
		{C4AEF318-DBAA-4822-87D2-5AF780CC8FD8} = {ED55DAA4-C812-4E4A-8EE7-7F6DD2ED908F}
		{ACDCEA8F-378F-4A05-B650-E2D82C191EA6} = {ED55DAA4-C812-4E4A-8EE7-7F6DD2ED908F}
		{1D569029-B07F-4E5A-BACF-B1FA85B28B03} = {201649C4-984A-4967-BBA0-A49E32B42DD7}
		{DB36B33B-8FD9-4A17-9390-3113E0757083} = {5F0C9A72-AB97-4178-B02C-2EE963AFBEED}
	EndGlobalSection
	GlobalSection(ExtensibilityGlobals) = postSolution
		SolutionGuid = {74CB1D06-2B20-4FE5-B63D-0C1A5C88B82B}
	EndGlobalSection
EndGlobal
